
Microsoft Visual Studio Solution File, Format Version 12.00
# Visual Studio Version 17
VisualStudioVersion = 17.1.32210.238
MinimumVisualStudioVersion = 10.0.40219.1
Project("{FAE04EC0-301F-11D3-BF4B-00C04F79EFBC}") = "FlipACoin", "FlipACoin\FlipACoin.csproj", "{4ABE08F1-C981-42B4-A326-A51BDBF4E626}"
EndProject
Global
	GlobalSection(SolutionConfigurationPlatforms) = preSolution
		Debug|Any CPU = Debug|Any CPU
		Release|Any CPU = Release|Any CPU
	EndGlobalSection
	GlobalSection(ProjectConfigurationPlatforms) = postSolution
		{4ABE08F1-C981-42B4-A326-A51BDBF4E626}.Debug|Any CPU.ActiveCfg = Debug|Any CPU
		{4ABE08F1-C981-42B4-A326-A51BDBF4E626}.Debug|Any CPU.Build.0 = Debug|Any CPU
		{4ABE08F1-C981-42B4-A326-A51BDBF4E626}.Release|Any CPU.ActiveCfg = Release|Any CPU
		{4ABE08F1-C981-42B4-A326-A51BDBF4E626}.Release|Any CPU.Build.0 = Release|Any CPU
	EndGlobalSection
	GlobalSection(SolutionProperties) = preSolution
		HideSolutionNode = FALSE
	EndGlobalSection
	GlobalSection(ExtensibilityGlobals) = postSolution
		SolutionGuid = {ECFEAF3D-4B87-4166-BBA5-BA91B43CDCD3}
	EndGlobalSection
EndGlobal
